
Microsoft Visual Studio Solution File, Format Version 12.00
# Visual Studio 15
VisualStudioVersion = 15.0.27703.2035
MinimumVisualStudioVersion = 10.0.40219.1
Project("{FAE04EC0-301F-11D3-BF4B-00C04F79EFBC}") = "FrmAsyncApp", "FrmAsyncApp\FrmAsyncApp.csproj", "{2F92E429-6225-4431-B7B2-0539399C75F2}"
EndProject
Project("{FAE04EC0-301F-11D3-BF4B-00C04F79EFBC}") = "asyncAppCallback", "asyncAppCallback\asyncAppCallback.csproj", "{386ABE8D-5A0B-4D39-8A2C-AC3179F1E5A8}"
EndProject
Project("{FAE04EC0-301F-11D3-BF4B-00C04F79EFBC}") = "threadApp", "threadApp\threadApp.csproj", "{6D9F79D0-7069-4ADC-8638-FF94AF036C73}"
EndProject
Project("{FAE04EC0-301F-11D3-BF4B-00C04F79EFBC}") = "crossThreadControl", "crossThreadControl\crossThreadControl.csproj", "{C2B9BBFC-1FE0-4D47-8220-B156FB558AEB}"
EndProject
Project("{FAE04EC0-301F-11D3-BF4B-00C04F79EFBC}") = "delegateSql", "delegateSql\delegateSql.csproj", "{15944F31-5026-4D76-8B46-F04EE7046DF4}"
EndProject
Global
	GlobalSection(SolutionConfigurationPlatforms) = preSolution
		Debug|Any CPU = Debug|Any CPU
		Release|Any CPU = Release|Any CPU
	EndGlobalSection
	GlobalSection(ProjectConfigurationPlatforms) = postSolution
		{2F92E429-6225-4431-B7B2-0539399C75F2}.Debug|Any CPU.ActiveCfg = Debug|Any CPU
		{2F92E429-6225-4431-B7B2-0539399C75F2}.Debug|Any CPU.Build.0 = Debug|Any CPU
		{2F92E429-6225-4431-B7B2-0539399C75F2}.Release|Any CPU.ActiveCfg = Release|Any CPU
		{2F92E429-6225-4431-B7B2-0539399C75F2}.Release|Any CPU.Build.0 = Release|Any CPU
		{386ABE8D-5A0B-4D39-8A2C-AC3179F1E5A8}.Debug|Any CPU.ActiveCfg = Debug|Any CPU
		{386ABE8D-5A0B-4D39-8A2C-AC3179F1E5A8}.Debug|Any CPU.Build.0 = Debug|Any CPU
		{386ABE8D-5A0B-4D39-8A2C-AC3179F1E5A8}.Release|Any CPU.ActiveCfg = Release|Any CPU
		{386ABE8D-5A0B-4D39-8A2C-AC3179F1E5A8}.Release|Any CPU.Build.0 = Release|Any CPU
		{6D9F79D0-7069-4ADC-8638-FF94AF036C73}.Debug|Any CPU.ActiveCfg = Debug|Any CPU
		{6D9F79D0-7069-4ADC-8638-FF94AF036C73}.Debug|Any CPU.Build.0 = Debug|Any CPU
		{6D9F79D0-7069-4ADC-8638-FF94AF036C73}.Release|Any CPU.ActiveCfg = Release|Any CPU
		{6D9F79D0-7069-4ADC-8638-FF94AF036C73}.Release|Any CPU.Build.0 = Release|Any CPU
		{C2B9BBFC-1FE0-4D47-8220-B156FB558AEB}.Debug|Any CPU.ActiveCfg = Debug|Any CPU
		{C2B9BBFC-1FE0-4D47-8220-B156FB558AEB}.Debug|Any CPU.Build.0 = Debug|Any CPU
		{C2B9BBFC-1FE0-4D47-8220-B156FB558AEB}.Release|Any CPU.ActiveCfg = Release|Any CPU
		{C2B9BBFC-1FE0-4D47-8220-B156FB558AEB}.Release|Any CPU.Build.0 = Release|Any CPU
		{15944F31-5026-4D76-8B46-F04EE7046DF4}.Debug|Any CPU.ActiveCfg = Debug|Any CPU
		{15944F31-5026-4D76-8B46-F04EE7046DF4}.Debug|Any CPU.Build.0 = Debug|Any CPU
		{15944F31-5026-4D76-8B46-F04EE7046DF4}.Release|Any CPU.ActiveCfg = Release|Any CPU
		{15944F31-5026-4D76-8B46-F04EE7046DF4}.Release|Any CPU.Build.0 = Release|Any CPU
	EndGlobalSection
	GlobalSection(SolutionProperties) = preSolution
		HideSolutionNode = FALSE
	EndGlobalSection
	GlobalSection(ExtensibilityGlobals) = postSolution
		SolutionGuid = {41A2C17F-C5E7-447A-AA43-EAB303EF880A}
	EndGlobalSection
EndGlobal
